
Microsoft Visual Studio Solution File, Format Version 12.00
# Visual Studio Version 17
VisualStudioVersion = 17.9.34728.123
MinimumVisualStudioVersion = 10.0.40219.1
Project("{9A19103F-16F7-4668-BE54-9A1E7A4F7556}") = "CrowdCover.Web", "CrowdCover.Web\CrowdCover.Web.csproj", "{0976B245-FE51-416E-961D-84CC6A707230}"
EndProject
Project("{9A19103F-16F7-4668-BE54-9A1E7A4F7556}") = "CrowdCover.Web.Tests", "CrowdCover.Web.Tests\CrowdCover.Web.Tests.csproj", "{D7F648F1-4781-4AE9-8665-1C16ADC48BB9}"
EndProject
Global
	GlobalSection(SolutionConfigurationPlatforms) = preSolution
		Debug|Any CPU = Debug|Any CPU
		Release|Any CPU = Release|Any CPU
	EndGlobalSection
	GlobalSection(ProjectConfigurationPlatforms) = postSolution
		{0976B245-FE51-416E-961D-84CC6A707230}.Debug|Any CPU.ActiveCfg = Debug|Any CPU
		{0976B245-FE51-416E-961D-84CC6A707230}.Debug|Any CPU.Build.0 = Debug|Any CPU
		{0976B245-FE51-416E-961D-84CC6A707230}.Release|Any CPU.ActiveCfg = Release|Any CPU
		{0976B245-FE51-416E-961D-84CC6A707230}.Release|Any CPU.Build.0 = Release|Any CPU
		{D7F648F1-4781-4AE9-8665-1C16ADC48BB9}.Debug|Any CPU.ActiveCfg = Debug|Any CPU
		{D7F648F1-4781-4AE9-8665-1C16ADC48BB9}.Debug|Any CPU.Build.0 = Debug|Any CPU
		{D7F648F1-4781-4AE9-8665-1C16ADC48BB9}.Release|Any CPU.ActiveCfg = Release|Any CPU
		{D7F648F1-4781-4AE9-8665-1C16ADC48BB9}.Release|Any CPU.Build.0 = Release|Any CPU
	EndGlobalSection
	GlobalSection(SolutionProperties) = preSolution
		HideSolutionNode = FALSE
	EndGlobalSection
	GlobalSection(ExtensibilityGlobals) = postSolution
		SolutionGuid = {7F4A6162-45BD-4D3D-8412-CEF8E2F3D205}
	EndGlobalSection
EndGlobal
